# THIS IS AN AUTOGENERATED FILE. DO NOT EDIT THIS FILE DIRECTLY.
# yarn lockfile v1


"@cmdcode/nostr-emitter@^2.0.0":
  version "2.0.0"
  resolved "https://registry.yarnpkg.com/@cmdcode/nostr-emitter/-/nostr-emitter-2.0.0.tgz#b135be7e49487b52eadecc0f72b055d71fb9126b"
  integrity sha512-i+kAwWWCCy/1/EaYvR3Kmvc0pU9ksClI4ruDMlQeXHVEkaLQwoiVM9pYE6JHGL7i7RuUGLg7eCq60+KUhxi0/Q==
  dependencies:
    "@noble/secp256k1" "^1.2.14"
    ws "^8.9.0"

"@noble/secp256k1@^1.2.14":
  version "1.7.1"
  resolved "https://registry.yarnpkg.com/@noble/secp256k1/-/secp256k1-1.7.1.tgz#b251c70f824ce3ca7f8dc3df08d58f005cc0507c"
  integrity sha512-hOUk6AyBFmqVrv7k5WAw/LpszxVbj9gGN4JRkIX52fdFAj1UA61KXmZDvqVEm+pOyec3+fIeZB02LYa/pWOArw==

ws@^8.9.0:
  version "8.12.0"
  resolved "https://registry.yarnpkg.com/ws/-/ws-8.12.0.tgz#485074cc392689da78e1828a9ff23585e06cddd8"
  integrity sha512-kU62emKIdKVeEIOIKVegvqpXMSTAMLJozpHZaJNDYqBjzlSYXQGviYwN1osDLJ9av68qHd4a2oSjd7yD4pacig==
